
Microsoft Visual Studio Solution File, Format Version 12.00
# Visual Studio Version 17
VisualStudioVersion = 17.1.32328.378
MinimumVisualStudioVersion = 10.0.40219.1
Project("{8BC9CEB8-8B4A-11D0-8D11-00A0C91BC942}") = "HelloWorldInConsole", "HelloWorldInConsole.vcxproj", "{47B0B2D2-AA68-46B2-8CDA-DF9702265E44}"
EndProject
Global
	GlobalSection(SolutionConfigurationPlatforms) = preSolution
		Debug|Win32 = Debug|Win32
		Debug|x64 = Debug|x64
		Debug|x86 = Debug|x86
		Release|Win32 = Release|Win32
		Release|x64 = Release|x64
		Release|x86 = Release|x86
	EndGlobalSection
	GlobalSection(ProjectConfigurationPlatforms) = postSolution
		{47B0B2D2-AA68-46B2-8CDA-DF9702265E44}.Debug|Win32.ActiveCfg = Debug|Win32
		{47B0B2D2-AA68-46B2-8CDA-DF9702265E44}.Debug|Win32.Build.0 = Debug|Win32
		{47B0B2D2-AA68-46B2-8CDA-DF9702265E44}.Debug|x64.ActiveCfg = Debug|x64
		{47B0B2D2-AA68-46B2-8CDA-DF9702265E44}.Debug|x64.Build.0 = Debug|x64
		{47B0B2D2-AA68-46B2-8CDA-DF9702265E44}.Debug|x86.ActiveCfg = Debug|Win32
		{47B0B2D2-AA68-46B2-8CDA-DF9702265E44}.Debug|x86.Build.0 = Debug|Win32
		{47B0B2D2-AA68-46B2-8CDA-DF9702265E44}.Release|Win32.ActiveCfg = Release|Win32
		{47B0B2D2-AA68-46B2-8CDA-DF9702265E44}.Release|Win32.Build.0 = Release|Win32
		{47B0B2D2-AA68-46B2-8CDA-DF9702265E44}.Release|x64.ActiveCfg = Release|x64
		{47B0B2D2-AA68-46B2-8CDA-DF9702265E44}.Release|x64.Build.0 = Release|x64
		{47B0B2D2-AA68-46B2-8CDA-DF9702265E44}.Release|x86.ActiveCfg = Release|Win32
		{47B0B2D2-AA68-46B2-8CDA-DF9702265E44}.Release|x86.Build.0 = Release|Win32
	EndGlobalSection
	GlobalSection(SolutionProperties) = preSolution
		HideSolutionNode = FALSE
	EndGlobalSection
	GlobalSection(ExtensibilityGlobals) = postSolution
		SolutionGuid = {4B099203-8A9F-4B9C-AA0B-349338C1913D}
	EndGlobalSection
EndGlobal
